{
  "name": "dsh-plugin-guard",
  "version": "0.3.2",
  "lockfileVersion": 3,
  "requires": true,
  "packages": {
    "": {
      "name": "dsh-plugin-guard",
      "version": "0.3.2",
      "license": "MIT",
      "bin": {
        "dsh-guard": "scripts/guard-cli.js"
      },
      "engines": {
        "node": ">=18"
      }
    }
  }
}
